
Microsoft Visual Studio Solution File, Format Version 12.00
# Visual Studio 15
VisualStudioVersion = 15.0.28307.136
MinimumVisualStudioVersion = 10.0.40219.1
Project("{FAE04EC0-301F-11D3-BF4B-00C04F79EFBC}") = "KTReports", "KTReports.csproj", "{3A499D27-216A-4587-92C5-FF93F41BF73C}"
EndProject
Global
	GlobalSection(SolutionConfigurationPlatforms) = preSolution
		Debug|Any CPU = Debug|Any CPU
		Release|Any CPU = Release|Any CPU
	EndGlobalSection
	GlobalSection(ProjectConfigurationPlatforms) = postSolution
		{3A499D27-216A-4587-92C5-FF93F41BF73C}.Debug|Any CPU.ActiveCfg = Debug|Any CPU
		{3A499D27-216A-4587-92C5-FF93F41BF73C}.Debug|Any CPU.Build.0 = Debug|Any CPU
		{3A499D27-216A-4587-92C5-FF93F41BF73C}.Release|Any CPU.ActiveCfg = Release|Any CPU
		{3A499D27-216A-4587-92C5-FF93F41BF73C}.Release|Any CPU.Build.0 = Release|Any CPU
	EndGlobalSection
	GlobalSection(SolutionProperties) = preSolution
		HideSolutionNode = FALSE
	EndGlobalSection
	GlobalSection(ExtensibilityGlobals) = postSolution
		SolutionGuid = {73BE24DC-8C22-40AE-AFFD-2C0E7DA881B0}
	EndGlobalSection
EndGlobal
