
Microsoft Visual Studio Solution File, Format Version 12.00
# Visual Studio 15
VisualStudioVersion = 15.0.28010.2050
MinimumVisualStudioVersion = 10.0.40219.1
Project("{FAE04EC0-301F-11D3-BF4B-00C04F79EFBC}") = "KTReports", "KTReports\KTReports.csproj", "{3A499D27-216A-4587-92C5-FF93F41BF73C}"
EndProject
Project("{54435603-DBB4-11D2-8724-00A0C9A8B90C}") = "SetupKTReports", "SetupKTReports\SetupKTReports.vdproj", "{DE61996D-4DE2-48CA-A2C0-928E03D036F1}"
EndProject
Global
	GlobalSection(SolutionConfigurationPlatforms) = preSolution
		Debug|Any CPU = Debug|Any CPU
		Release|Any CPU = Release|Any CPU
	EndGlobalSection
	GlobalSection(ProjectConfigurationPlatforms) = postSolution
		{3A499D27-216A-4587-92C5-FF93F41BF73C}.Debug|Any CPU.ActiveCfg = Debug|Any CPU
		{3A499D27-216A-4587-92C5-FF93F41BF73C}.Debug|Any CPU.Build.0 = Debug|Any CPU
		{3A499D27-216A-4587-92C5-FF93F41BF73C}.Release|Any CPU.ActiveCfg = Release|Any CPU
		{3A499D27-216A-4587-92C5-FF93F41BF73C}.Release|Any CPU.Build.0 = Release|Any CPU
		{DE61996D-4DE2-48CA-A2C0-928E03D036F1}.Debug|Any CPU.ActiveCfg = Debug
		{DE61996D-4DE2-48CA-A2C0-928E03D036F1}.Release|Any CPU.ActiveCfg = Release
	EndGlobalSection
	GlobalSection(SolutionProperties) = preSolution
		HideSolutionNode = FALSE
	EndGlobalSection
	GlobalSection(ExtensibilityGlobals) = postSolution
		SolutionGuid = {48362B94-4C98-4E05-9D5B-BFD86B9EBCAF}
	EndGlobalSection
EndGlobal
